
Microsoft Visual Studio Solution File, Format Version 12.00
# Visual Studio Version 16
VisualStudioVersion = 16.0.28803.452
MinimumVisualStudioVersion = 10.0.40219.1
Project("{FAE04EC0-301F-11D3-BF4B-00C04F79EFBC}") = "CSharpParser", "CSharpParser\CSharpParser.csproj", "{039B7F84-C693-472A-9F62-F4BEC9CD1606}"
EndProject
Global
	GlobalSection(SolutionConfigurationPlatforms) = preSolution
		Debug|Any CPU = Debug|Any CPU
		Release|Any CPU = Release|Any CPU
	EndGlobalSection
	GlobalSection(ProjectConfigurationPlatforms) = postSolution
		{039B7F84-C693-472A-9F62-F4BEC9CD1606}.Debug|Any CPU.ActiveCfg = Debug|Any CPU
		{039B7F84-C693-472A-9F62-F4BEC9CD1606}.Debug|Any CPU.Build.0 = Debug|Any CPU
		{039B7F84-C693-472A-9F62-F4BEC9CD1606}.Release|Any CPU.ActiveCfg = Release|Any CPU
		{039B7F84-C693-472A-9F62-F4BEC9CD1606}.Release|Any CPU.Build.0 = Release|Any CPU
	EndGlobalSection
	GlobalSection(SolutionProperties) = preSolution
		HideSolutionNode = FALSE
	EndGlobalSection
	GlobalSection(ExtensibilityGlobals) = postSolution
		SolutionGuid = {590A94B2-B752-40BF-A946-73956328E15D}
	EndGlobalSection
EndGlobal
